{
  "name": "web-gradients",
  "version": "0.0.1",
  "lockfileVersion": 1,
  "requires": true,
  "dependencies": {
    "@stencil/core": {
      "version": "1.0.6",
      "resolved": "https://registry.npmjs.org/@stencil/core/-/core-1.0.6.tgz",
      "integrity": "sha512-E2AK73WqjYkGVYZ68eUPUBNU4win4GBJdLAbwn32m0XsrIZUo8CfgjWj7Eenk70oVkYDgQjyGlYbF+IPQ5S0Ag==",
      "requires": {
        "typescript": "3.5.2"
      }
    },
    "@stencil/router": {
      "version": "1.0.0",
      "resolved": "https://registry.npmjs.org/@stencil/router/-/router-1.0.0.tgz",
      "integrity": "sha512-pPUx/QIDp+59NTofqZEj9Yy0AJHjRSwwk2sc6Jre6sZBwhQyPjKKcyoZLU2XfWxtVMdYOH/frFUaTSd7eInokg==",
      "requires": {
        "@stencil/state-tunnel": "^1.0.0-1"
      }
    },
    "@stencil/sass": {
      "version": "1.0.0",
      "resolved": "https://registry.npmjs.org/@stencil/sass/-/sass-1.0.0.tgz",
      "integrity": "sha512-dDCMuu84VgtuCwT26PPQUHgXUZI0jzUHN8GlF9z3NRQsdDjCHA2Vvi32hti2/ZQg69v/jXbOClrITzikfB9OhA=="
    },
    "@stencil/state-tunnel": {
      "version": "1.0.1",
      "resolved": "https://registry.npmjs.org/@stencil/state-tunnel/-/state-tunnel-1.0.1.tgz",
      "integrity": "sha512-DYG8uROgL9hkjVTCtCfRBb0d3FwpiFB0muRrNZQ2X1Qo5hxMuNNji76/ILddqeq0AfgkKCW82xrMPDpy+rNIhQ=="
    },
    "typescript": {
      "version": "3.5.2",
      "resolved": "https://registry.npmjs.org/typescript/-/typescript-3.5.2.tgz",
      "integrity": "sha512-7KxJovlYhTX5RaRbUdkAXN1KUZ8PwWlTzQdHV6xNqvuFOs7+WBo10TQUqT19Q/Jz2hk5v9TQDIhyLhhJY4p5AA=="
    }
  }
}
